
Microsoft Visual Studio Solution File, Format Version 12.00
# Visual Studio 15
VisualStudioVersion = 15.0.26124.0
MinimumVisualStudioVersion = 15.0.26124.0
Project("{2150E333-8FDC-42A3-9474-1A3956D46DE8}") = "src", "src", "{47182BA1-C1D7-4AF8-9DF6-84F8F5DC142E}"
EndProject
Project("{9A19103F-16F7-4668-BE54-9A1E7A4F7556}") = "THNETII.Security.JOSE", "src\THNETII.Security.JOSE\THNETII.Security.JOSE.csproj", "{BB85D5EA-F665-4A1D-9D19-02804DC21F7A}"
EndProject
Project("{9A19103F-16F7-4668-BE54-9A1E7A4F7556}") = "THNETII.Security.JOSE.Cli", "src\THNETII.Security.JOSE.Cli\THNETII.Security.JOSE.Cli.csproj", "{E06D35D4-0604-4925-80BC-6E5B075CEA3D}"
EndProject
Project("{2150E333-8FDC-42A3-9474-1A3956D46DE8}") = "test", "test", "{BAA5580F-EF54-411D-AE96-339440F242AF}"
EndProject
Project("{9A19103F-16F7-4668-BE54-9A1E7A4F7556}") = "THNETII.Security.JOSE.Test", "test\THNETII.Security.JOSE.Test\THNETII.Security.JOSE.Test.csproj", "{0FC80D1F-C013-485B-A9CA-FF30C85D5070}"
EndProject
Project("{2150E333-8FDC-42A3-9474-1A3956D46DE8}") = "dotnet-common", "dotnet-common", "{41E29074-EC6D-4D35-9748-A42F045ACBD6}"
EndProject
Project("{2150E333-8FDC-42A3-9474-1A3956D46DE8}") = "src", "src", "{6B32DA94-2F7A-47A0-B21B-8536C5AAB841}"
EndProject
Project("{9A19103F-16F7-4668-BE54-9A1E7A4F7556}") = "THNETII.Common", "dotnet-common\src\THNETII.Common\THNETII.Common.csproj", "{4907A703-7A66-4F5A-A36C-9DB2C2303ADC}"
EndProject
Project("{9A19103F-16F7-4668-BE54-9A1E7A4F7556}") = "THNETII.Common.Serialization", "dotnet-common\src\THNETII.Common.Serialization\THNETII.Common.Serialization.csproj", "{86DC3475-3212-4866-B67D-206E5DE4894D}"
EndProject
Project("{9A19103F-16F7-4668-BE54-9A1E7A4F7556}") = "THNETII.Common.Cli", "dotnet-common\src\THNETII.Common.Cli\THNETII.Common.Cli.csproj", "{F9E0B06D-7324-4F4B-AB86-F926D50BB4C3}"
EndProject
Project("{2150E333-8FDC-42A3-9474-1A3956D46DE8}") = "Solution Items", "Solution Items", "{96AFC74A-08B5-4401-B4EF-4CE5826AD42F}"
	ProjectSection(SolutionItems) = preProject
		.editorconfig = .editorconfig
		.gitattributes = .gitattributes
		.gitignore = .gitignore
		.gitmodules = .gitmodules
		AllRules.ruleset = AllRules.ruleset
		Directory.Build.props = Directory.Build.props
		LICENSE = LICENSE
	EndProjectSection
EndProject
Project("{2150E333-8FDC-42A3-9474-1A3956D46DE8}") = "rfc", "rfc", "{B0A41A41-2411-41E0-8E0C-392A34733571}"
	ProjectSection(SolutionItems) = preProject
		rfc\rfc7165.html = rfc\rfc7165.html
		rfc\rfc7515.html = rfc\rfc7515.html
		rfc\rfc7516.html = rfc\rfc7516.html
		rfc\rfc7517.html = rfc\rfc7517.html
		rfc\rfc7518.html = rfc\rfc7518.html
		rfc\rfc7519.html = rfc\rfc7519.html
		rfc\rfc7520.html = rfc\rfc7520.html
	EndProjectSection
EndProject
Global
	GlobalSection(SolutionConfigurationPlatforms) = preSolution
		Debug|Any CPU = Debug|Any CPU
		Debug|x64 = Debug|x64
		Debug|x86 = Debug|x86
		Release|Any CPU = Release|Any CPU
		Release|x64 = Release|x64
		Release|x86 = Release|x86
	EndGlobalSection
	GlobalSection(ProjectConfigurationPlatforms) = postSolution
		{BB85D5EA-F665-4A1D-9D19-02804DC21F7A}.Debug|Any CPU.ActiveCfg = Debug|Any CPU
		{BB85D5EA-F665-4A1D-9D19-02804DC21F7A}.Debug|Any CPU.Build.0 = Debug|Any CPU
		{BB85D5EA-F665-4A1D-9D19-02804DC21F7A}.Debug|x64.ActiveCfg = Debug|Any CPU
		{BB85D5EA-F665-4A1D-9D19-02804DC21F7A}.Debug|x64.Build.0 = Debug|Any CPU
		{BB85D5EA-F665-4A1D-9D19-02804DC21F7A}.Debug|x86.ActiveCfg = Debug|Any CPU
		{BB85D5EA-F665-4A1D-9D19-02804DC21F7A}.Debug|x86.Build.0 = Debug|Any CPU
		{BB85D5EA-F665-4A1D-9D19-02804DC21F7A}.Release|Any CPU.ActiveCfg = Release|Any CPU
		{BB85D5EA-F665-4A1D-9D19-02804DC21F7A}.Release|Any CPU.Build.0 = Release|Any CPU
		{BB85D5EA-F665-4A1D-9D19-02804DC21F7A}.Release|x64.ActiveCfg = Release|Any CPU
		{BB85D5EA-F665-4A1D-9D19-02804DC21F7A}.Release|x64.Build.0 = Release|Any CPU
		{BB85D5EA-F665-4A1D-9D19-02804DC21F7A}.Release|x86.ActiveCfg = Release|Any CPU
		{BB85D5EA-F665-4A1D-9D19-02804DC21F7A}.Release|x86.Build.0 = Release|Any CPU
		{E06D35D4-0604-4925-80BC-6E5B075CEA3D}.Debug|Any CPU.ActiveCfg = Debug|Any CPU
		{E06D35D4-0604-4925-80BC-6E5B075CEA3D}.Debug|Any CPU.Build.0 = Debug|Any CPU
		{E06D35D4-0604-4925-80BC-6E5B075CEA3D}.Debug|x64.ActiveCfg = Debug|Any CPU
		{E06D35D4-0604-4925-80BC-6E5B075CEA3D}.Debug|x64.Build.0 = Debug|Any CPU
		{E06D35D4-0604-4925-80BC-6E5B075CEA3D}.Debug|x86.ActiveCfg = Debug|Any CPU
		{E06D35D4-0604-4925-80BC-6E5B075CEA3D}.Debug|x86.Build.0 = Debug|Any CPU
		{E06D35D4-0604-4925-80BC-6E5B075CEA3D}.Release|Any CPU.ActiveCfg = Release|Any CPU
		{E06D35D4-0604-4925-80BC-6E5B075CEA3D}.Release|Any CPU.Build.0 = Release|Any CPU
		{E06D35D4-0604-4925-80BC-6E5B075CEA3D}.Release|x64.ActiveCfg = Release|Any CPU
		{E06D35D4-0604-4925-80BC-6E5B075CEA3D}.Release|x64.Build.0 = Release|Any CPU
		{E06D35D4-0604-4925-80BC-6E5B075CEA3D}.Release|x86.ActiveCfg = Release|Any CPU
		{E06D35D4-0604-4925-80BC-6E5B075CEA3D}.Release|x86.Build.0 = Release|Any CPU
		{0FC80D1F-C013-485B-A9CA-FF30C85D5070}.Debug|Any CPU.ActiveCfg = Debug|Any CPU
		{0FC80D1F-C013-485B-A9CA-FF30C85D5070}.Debug|Any CPU.Build.0 = Debug|Any CPU
		{0FC80D1F-C013-485B-A9CA-FF30C85D5070}.Debug|x64.ActiveCfg = Debug|Any CPU
		{0FC80D1F-C013-485B-A9CA-FF30C85D5070}.Debug|x64.Build.0 = Debug|Any CPU
		{0FC80D1F-C013-485B-A9CA-FF30C85D5070}.Debug|x86.ActiveCfg = Debug|Any CPU
		{0FC80D1F-C013-485B-A9CA-FF30C85D5070}.Debug|x86.Build.0 = Debug|Any CPU
		{0FC80D1F-C013-485B-A9CA-FF30C85D5070}.Release|Any CPU.ActiveCfg = Release|Any CPU
		{0FC80D1F-C013-485B-A9CA-FF30C85D5070}.Release|Any CPU.Build.0 = Release|Any CPU
		{0FC80D1F-C013-485B-A9CA-FF30C85D5070}.Release|x64.ActiveCfg = Release|Any CPU
		{0FC80D1F-C013-485B-A9CA-FF30C85D5070}.Release|x64.Build.0 = Release|Any CPU
		{0FC80D1F-C013-485B-A9CA-FF30C85D5070}.Release|x86.ActiveCfg = Release|Any CPU
		{0FC80D1F-C013-485B-A9CA-FF30C85D5070}.Release|x86.Build.0 = Release|Any CPU
		{4907A703-7A66-4F5A-A36C-9DB2C2303ADC}.Debug|Any CPU.ActiveCfg = Debug|Any CPU
		{4907A703-7A66-4F5A-A36C-9DB2C2303ADC}.Debug|Any CPU.Build.0 = Debug|Any CPU
		{4907A703-7A66-4F5A-A36C-9DB2C2303ADC}.Debug|x64.ActiveCfg = Debug|Any CPU
		{4907A703-7A66-4F5A-A36C-9DB2C2303ADC}.Debug|x64.Build.0 = Debug|Any CPU
		{4907A703-7A66-4F5A-A36C-9DB2C2303ADC}.Debug|x86.ActiveCfg = Debug|Any CPU
		{4907A703-7A66-4F5A-A36C-9DB2C2303ADC}.Debug|x86.Build.0 = Debug|Any CPU
		{4907A703-7A66-4F5A-A36C-9DB2C2303ADC}.Release|Any CPU.ActiveCfg = Release|Any CPU
		{4907A703-7A66-4F5A-A36C-9DB2C2303ADC}.Release|Any CPU.Build.0 = Release|Any CPU
		{4907A703-7A66-4F5A-A36C-9DB2C2303ADC}.Release|x64.ActiveCfg = Release|Any CPU
		{4907A703-7A66-4F5A-A36C-9DB2C2303ADC}.Release|x64.Build.0 = Release|Any CPU
		{4907A703-7A66-4F5A-A36C-9DB2C2303ADC}.Release|x86.ActiveCfg = Release|Any CPU
		{4907A703-7A66-4F5A-A36C-9DB2C2303ADC}.Release|x86.Build.0 = Release|Any CPU
		{86DC3475-3212-4866-B67D-206E5DE4894D}.Debug|Any CPU.ActiveCfg = Debug|Any CPU
		{86DC3475-3212-4866-B67D-206E5DE4894D}.Debug|Any CPU.Build.0 = Debug|Any CPU
		{86DC3475-3212-4866-B67D-206E5DE4894D}.Debug|x64.ActiveCfg = Debug|Any CPU
		{86DC3475-3212-4866-B67D-206E5DE4894D}.Debug|x64.Build.0 = Debug|Any CPU
		{86DC3475-3212-4866-B67D-206E5DE4894D}.Debug|x86.ActiveCfg = Debug|Any CPU
		{86DC3475-3212-4866-B67D-206E5DE4894D}.Debug|x86.Build.0 = Debug|Any CPU
		{86DC3475-3212-4866-B67D-206E5DE4894D}.Release|Any CPU.ActiveCfg = Release|Any CPU
		{86DC3475-3212-4866-B67D-206E5DE4894D}.Release|Any CPU.Build.0 = Release|Any CPU
		{86DC3475-3212-4866-B67D-206E5DE4894D}.Release|x64.ActiveCfg = Release|Any CPU
		{86DC3475-3212-4866-B67D-206E5DE4894D}.Release|x64.Build.0 = Release|Any CPU
		{86DC3475-3212-4866-B67D-206E5DE4894D}.Release|x86.ActiveCfg = Release|Any CPU
		{86DC3475-3212-4866-B67D-206E5DE4894D}.Release|x86.Build.0 = Release|Any CPU
		{F9E0B06D-7324-4F4B-AB86-F926D50BB4C3}.Debug|Any CPU.ActiveCfg = Debug|Any CPU
		{F9E0B06D-7324-4F4B-AB86-F926D50BB4C3}.Debug|Any CPU.Build.0 = Debug|Any CPU
		{F9E0B06D-7324-4F4B-AB86-F926D50BB4C3}.Debug|x64.ActiveCfg = Debug|Any CPU
		{F9E0B06D-7324-4F4B-AB86-F926D50BB4C3}.Debug|x64.Build.0 = Debug|Any CPU
		{F9E0B06D-7324-4F4B-AB86-F926D50BB4C3}.Debug|x86.ActiveCfg = Debug|Any CPU
		{F9E0B06D-7324-4F4B-AB86-F926D50BB4C3}.Debug|x86.Build.0 = Debug|Any CPU
		{F9E0B06D-7324-4F4B-AB86-F926D50BB4C3}.Release|Any CPU.ActiveCfg = Release|Any CPU
		{F9E0B06D-7324-4F4B-AB86-F926D50BB4C3}.Release|Any CPU.Build.0 = Release|Any CPU
		{F9E0B06D-7324-4F4B-AB86-F926D50BB4C3}.Release|x64.ActiveCfg = Release|Any CPU
		{F9E0B06D-7324-4F4B-AB86-F926D50BB4C3}.Release|x64.Build.0 = Release|Any CPU
		{F9E0B06D-7324-4F4B-AB86-F926D50BB4C3}.Release|x86.ActiveCfg = Release|Any CPU
		{F9E0B06D-7324-4F4B-AB86-F926D50BB4C3}.Release|x86.Build.0 = Release|Any CPU
	EndGlobalSection
	GlobalSection(SolutionProperties) = preSolution
		HideSolutionNode = FALSE
	EndGlobalSection
	GlobalSection(NestedProjects) = preSolution
		{BB85D5EA-F665-4A1D-9D19-02804DC21F7A} = {47182BA1-C1D7-4AF8-9DF6-84F8F5DC142E}
		{E06D35D4-0604-4925-80BC-6E5B075CEA3D} = {47182BA1-C1D7-4AF8-9DF6-84F8F5DC142E}
		{0FC80D1F-C013-485B-A9CA-FF30C85D5070} = {BAA5580F-EF54-411D-AE96-339440F242AF}
		{6B32DA94-2F7A-47A0-B21B-8536C5AAB841} = {41E29074-EC6D-4D35-9748-A42F045ACBD6}
		{4907A703-7A66-4F5A-A36C-9DB2C2303ADC} = {6B32DA94-2F7A-47A0-B21B-8536C5AAB841}
		{86DC3475-3212-4866-B67D-206E5DE4894D} = {6B32DA94-2F7A-47A0-B21B-8536C5AAB841}
		{F9E0B06D-7324-4F4B-AB86-F926D50BB4C3} = {6B32DA94-2F7A-47A0-B21B-8536C5AAB841}
	EndGlobalSection
	GlobalSection(ExtensibilityGlobals) = postSolution
		SolutionGuid = {E16F34BB-2187-487E-A3A1-E7A19A52A521}
	EndGlobalSection
EndGlobal
